// !$*UTF8*$!
{
	archiveVersion = 1;
	classes = {
	};
	objectVersion = 51;
	objects = {

/* Begin PBXBuildFile section */
		0508F52C237B0C4A004E950B /* UserSettings.swift in Sources */ = {isa = PBXBuildFile; fileRef = 0508F52B237B0C4A004E950B /* UserSettings.swift */; };
		0508F52F237BC703004E950B /* VKApi.swift in Sources */ = {isa = PBXBuildFile; fileRef = 0508F52E237BC703004E950B /* VKApi.swift */; };
		05297BBE2364B92B00306039 /* WebKit.framework in Frameworks */ = {isa = PBXBuildFile; fileRef = 05297BBD2364B92B00306039 /* WebKit.framework */; };
		052ED7232341364200623AD1 /* NewsCell.xib in Resources */ = {isa = PBXBuildFile; fileRef = 052ED7222341364200623AD1 /* NewsCell.xib */; };
		052ED72523413A2500623AD1 /* NewsCell.swift in Sources */ = {isa = PBXBuildFile; fileRef = 052ED72423413A2500623AD1 /* NewsCell.swift */; };
		052ED72723413B0D00623AD1 /* NewsController.swift in Sources */ = {isa = PBXBuildFile; fileRef = 052ED72623413B0D00623AD1 /* NewsController.swift */; };
		052ED72923413D8D00623AD1 /* News.swift in Sources */ = {isa = PBXBuildFile; fileRef = 052ED72823413D8D00623AD1 /* News.swift */; };
		05328DA323817F5B00E3512B /* Database.swift in Sources */ = {isa = PBXBuildFile; fileRef = 05328DA223817F5B00E3512B /* Database.swift */; };
		053536D62339CDCD00F6C7C4 /* GradientView.swift in Sources */ = {isa = PBXBuildFile; fileRef = 053536D52339CDCD00F6C7C4 /* GradientView.swift */; };
		05484E50236A962B00968A1B /* Photo.swift in Sources */ = {isa = PBXBuildFile; fileRef = 05484E4F236A962B00968A1B /* Photo.swift */; };
		05694F0D232F5AFB00F28C85 /* FriendsController.swift in Sources */ = {isa = PBXBuildFile; fileRef = 05694F0C232F5AFB00F28C85 /* FriendsController.swift */; };
		05694F0F232F5C7100F28C85 /* GroupsController.swift in Sources */ = {isa = PBXBuildFile; fileRef = 05694F0E232F5C7100F28C85 /* GroupsController.swift */; };
		05694F11232F5D5300F28C85 /* PhotosController.swift in Sources */ = {isa = PBXBuildFile; fileRef = 05694F10232F5D5300F28C85 /* PhotosController.swift */; };
		05694F13232F5DE000F28C85 /* AllGroupsController.swift in Sources */ = {isa = PBXBuildFile; fileRef = 05694F12232F5DE000F28C85 /* AllGroupsController.swift */; };
		056ABC59232832CA00077607 /* AppDelegate.swift in Sources */ = {isa = PBXBuildFile; fileRef = 056ABC58232832CA00077607 /* AppDelegate.swift */; };
		056ABC5B232832CA00077607 /* LoginViewController.swift in Sources */ = {isa = PBXBuildFile; fileRef = 056ABC5A232832CA00077607 /* LoginViewController.swift */; };
		056ABC5E232832CA00077607 /* Main.storyboard in Resources */ = {isa = PBXBuildFile; fileRef = 056ABC5C232832CA00077607 /* Main.storyboard */; };
		056ABC60232832CC00077607 /* Assets.xcassets in Resources */ = {isa = PBXBuildFile; fileRef = 056ABC5F232832CC00077607 /* Assets.xcassets */; };
		056ABC63232832CC00077607 /* LaunchScreen.storyboard in Resources */ = {isa = PBXBuildFile; fileRef = 056ABC61232832CC00077607 /* LaunchScreen.storyboard */; };
		0587190E23329A92006F00D5 /* GroupCell.swift in Sources */ = {isa = PBXBuildFile; fileRef = 0587190D23329A92006F00D5 /* GroupCell.swift */; };
		058719102332B6E3006F00D5 /* PhotoCell.swift in Sources */ = {isa = PBXBuildFile; fileRef = 0587190F2332B6E3006F00D5 /* PhotoCell.swift */; };
		058719132332BD18006F00D5 /* User.swift in Sources */ = {isa = PBXBuildFile; fileRef = 058719122332BD18006F00D5 /* User.swift */; };
		058719152332BD28006F00D5 /* Group.swift in Sources */ = {isa = PBXBuildFile; fileRef = 058719142332BD28006F00D5 /* Group.swift */; };
		058719172332C6D2006F00D5 /* FriendCell.swift in Sources */ = {isa = PBXBuildFile; fileRef = 058719162332C6D2006F00D5 /* FriendCell.swift */; };
		059C459C238A877100B87ECB /* GoogleService-Info.plist in Resources */ = {isa = PBXBuildFile; fileRef = 059C459B238A877100B87ECB /* GoogleService-Info.plist */; };
		05A11C4B234E40F1009615B4 /* CustomSegue.swift in Sources */ = {isa = PBXBuildFile; fileRef = 05A11C4A234E40F1009615B4 /* CustomSegue.swift */; };
		05A11C4E234E5040009615B4 /* PushTransitionAnimator.swift in Sources */ = {isa = PBXBuildFile; fileRef = 05A11C4D234E5040009615B4 /* PushTransitionAnimator.swift */; };
		05A11C50234E6399009615B4 /* CustomNavigationController.swift in Sources */ = {isa = PBXBuildFile; fileRef = 05A11C4F234E6399009615B4 /* CustomNavigationController.swift */; };
		05A11C52234E66D4009615B4 /* PopTransitionAnimator.swift in Sources */ = {isa = PBXBuildFile; fileRef = 05A11C51234E66D4009615B4 /* PopTransitionAnimator.swift */; };
		05D0757623647A0B0070380C /* WebLoginViewController.swift in Sources */ = {isa = PBXBuildFile; fileRef = 05D0757523647A0B0070380C /* WebLoginViewController.swift */; };
		05FF08EB235F8574009EA7B8 /* Session.swift in Sources */ = {isa = PBXBuildFile; fileRef = 05FF08EA235F8574009EA7B8 /* Session.swift */; };
		5336CBCE104A7CFB06EC8494 /* Pods_VKClient.framework in Frameworks */ = {isa = PBXBuildFile; fileRef = D41FAD3892B94E463C6F97A3 /* Pods_VKClient.framework */; };
/* End PBXBuildFile section */

/* Begin PBXFileReference section */
		0508F52B237B0C4A004E950B /* UserSettings.swift */ = {isa = PBXFileReference; lastKnownFileType = sourcecode.swift; path = UserSettings.swift; sourceTree = "<group>"; };
		0508F52E237BC703004E950B /* VKApi.swift */ = {isa = PBXFileReference; lastKnownFileType = sourcecode.swift; path = VKApi.swift; sourceTree = "<group>"; };
		05297BBD2364B92B00306039 /* WebKit.framework */ = {isa = PBXFileReference; lastKnownFileType = wrapper.framework; name = WebKit.framework; path = System/Library/Frameworks/WebKit.framework; sourceTree = SDKROOT; };
		052ED7222341364200623AD1 /* NewsCell.xib */ = {isa = PBXFileReference; lastKnownFileType = file.xib; path = NewsCell.xib; sourceTree = "<group>"; };
		052ED72423413A2500623AD1 /* NewsCell.swift */ = {isa = PBXFileReference; lastKnownFileType = sourcecode.swift; path = NewsCell.swift; sourceTree = "<group>"; };
		052ED72623413B0D00623AD1 /* NewsController.swift */ = {isa = PBXFileReference; lastKnownFileType = sourcecode.swift; path = NewsController.swift; sourceTree = "<group>"; };
		052ED72823413D8D00623AD1 /* News.swift */ = {isa = PBXFileReference; lastKnownFileType = sourcecode.swift; path = News.swift; sourceTree = "<group>"; };
		05328DA223817F5B00E3512B /* Database.swift */ = {isa = PBXFileReference; lastKnownFileType = sourcecode.swift; path = Database.swift; sourceTree = "<group>"; };
		053536D52339CDCD00F6C7C4 /* GradientView.swift */ = {isa = PBXFileReference; lastKnownFileType = sourcecode.swift; path = GradientView.swift; sourceTree = "<group>"; };
		05484E4F236A962B00968A1B /* Photo.swift */ = {isa = PBXFileReference; lastKnownFileType = sourcecode.swift; path = Photo.swift; sourceTree = "<group>"; };
		05694F0C232F5AFB00F28C85 /* FriendsController.swift */ = {isa = PBXFileReference; lastKnownFileType = sourcecode.swift; path = FriendsController.swift; sourceTree = "<group>"; };
		05694F0E232F5C7100F28C85 /* GroupsController.swift */ = {isa = PBXFileReference; lastKnownFileType = sourcecode.swift; path = GroupsController.swift; sourceTree = "<group>"; };
		05694F10232F5D5300F28C85 /* PhotosController.swift */ = {isa = PBXFileReference; lastKnownFileType = sourcecode.swift; path = PhotosController.swift; sourceTree = "<group>"; };
		05694F12232F5DE000F28C85 /* AllGroupsController.swift */ = {isa = PBXFileReference; lastKnownFileType = sourcecode.swift; path = AllGroupsController.swift; sourceTree = "<group>"; };
		056ABC55232832CA00077607 /* VKClient.app */ = {isa = PBXFileReference; explicitFileType = wrapper.application; includeInIndex = 0; path = VKClient.app; sourceTree = BUILT_PRODUCTS_DIR; };
		056ABC58232832CA00077607 /* AppDelegate.swift */ = {isa = PBXFileReference; lastKnownFileType = sourcecode.swift; path = AppDelegate.swift; sourceTree = "<group>"; };
		056ABC5A232832CA00077607 /* LoginViewController.swift */ = {isa = PBXFileReference; lastKnownFileType = sourcecode.swift; path = LoginViewController.swift; sourceTree = "<group>"; };
		056ABC5D232832CA00077607 /* Base */ = {isa = PBXFileReference; lastKnownFileType = file.storyboard; name = Base; path = Base.lproj/Main.storyboard; sourceTree = "<group>"; };
		056ABC5F232832CC00077607 /* Assets.xcassets */ = {isa = PBXFileReference; lastKnownFileType = folder.assetcatalog; path = Assets.xcassets; sourceTree = "<group>"; };
		056ABC62232832CC00077607 /* Base */ = {isa = PBXFileReference; lastKnownFileType = file.storyboard; name = Base; path = Base.lproj/LaunchScreen.storyboard; sourceTree = "<group>"; };
		056ABC64232832CC00077607 /* Info.plist */ = {isa = PBXFileReference; lastKnownFileType = text.plist.xml; path = Info.plist; sourceTree = "<group>"; };
		0587190D23329A92006F00D5 /* GroupCell.swift */ = {isa = PBXFileReference; lastKnownFileType = sourcecode.swift; path = GroupCell.swift; sourceTree = "<group>"; };
		0587190F2332B6E3006F00D5 /* PhotoCell.swift */ = {isa = PBXFileReference; lastKnownFileType = sourcecode.swift; path = PhotoCell.swift; sourceTree = "<group>"; };
		058719122332BD18006F00D5 /* User.swift */ = {isa = PBXFileReference; lastKnownFileType = sourcecode.swift; path = User.swift; sourceTree = "<group>"; };
		058719142332BD28006F00D5 /* Group.swift */ = {isa = PBXFileReference; lastKnownFileType = sourcecode.swift; path = Group.swift; sourceTree = "<group>"; };
		058719162332C6D2006F00D5 /* FriendCell.swift */ = {isa = PBXFileReference; lastKnownFileType = sourcecode.swift; path = FriendCell.swift; sourceTree = "<group>"; };
		059C459B238A877100B87ECB /* GoogleService-Info.plist */ = {isa = PBXFileReference; fileEncoding = 4; lastKnownFileType = text.plist.xml; path = "GoogleService-Info.plist"; sourceTree = "<group>"; };
		05A11C4A234E40F1009615B4 /* CustomSegue.swift */ = {isa = PBXFileReference; lastKnownFileType = sourcecode.swift; path = CustomSegue.swift; sourceTree = "<group>"; };
		05A11C4D234E5040009615B4 /* PushTransitionAnimator.swift */ = {isa = PBXFileReference; lastKnownFileType = sourcecode.swift; path = PushTransitionAnimator.swift; sourceTree = "<group>"; };
		05A11C4F234E6399009615B4 /* CustomNavigationController.swift */ = {isa = PBXFileReference; lastKnownFileType = sourcecode.swift; path = CustomNavigationController.swift; sourceTree = "<group>"; };
		05A11C51234E66D4009615B4 /* PopTransitionAnimator.swift */ = {isa = PBXFileReference; lastKnownFileType = sourcecode.swift; path = PopTransitionAnimator.swift; sourceTree = "<group>"; };
		05D0757523647A0B0070380C /* WebLoginViewController.swift */ = {isa = PBXFileReference; lastKnownFileType = sourcecode.swift; path = WebLoginViewController.swift; sourceTree = "<group>"; };
		05FF08EA235F8574009EA7B8 /* Session.swift */ = {isa = PBXFileReference; lastKnownFileType = sourcecode.swift; path = Session.swift; sourceTree = "<group>"; };
		D41FAD3892B94E463C6F97A3 /* Pods_VKClient.framework */ = {isa = PBXFileReference; explicitFileType = wrapper.framework; includeInIndex = 0; path = Pods_VKClient.framework; sourceTree = BUILT_PRODUCTS_DIR; };
		DB4ADFC453518F86306121F5 /* Pods-VKClient.debug.xcconfig */ = {isa = PBXFileReference; includeInIndex = 1; lastKnownFileType = text.xcconfig; name = "Pods-VKClient.debug.xcconfig"; path = "Target Support Files/Pods-VKClient/Pods-VKClient.debug.xcconfig"; sourceTree = "<group>"; };
		FFE0C532EC247D924A8910BD /* Pods-VKClient.release.xcconfig */ = {isa = PBXFileReference; includeInIndex = 1; lastKnownFileType = text.xcconfig; name = "Pods-VKClient.release.xcconfig"; path = "Target Support Files/Pods-VKClient/Pods-VKClient.release.xcconfig"; sourceTree = "<group>"; };
/* End PBXFileReference section */

/* Begin PBXFrameworksBuildPhase section */
		056ABC52232832CA00077607 /* Frameworks */ = {
			isa = PBXFrameworksBuildPhase;
			buildActionMask = 2147483647;
			files = (
				05297BBE2364B92B00306039 /* WebKit.framework in Frameworks */,
				5336CBCE104A7CFB06EC8494 /* Pods_VKClient.framework in Frameworks */,
			);
			runOnlyForDeploymentPostprocessing = 0;
		};
/* End PBXFrameworksBuildPhase section */

/* Begin PBXGroup section */
		0508F52D237BC6E3004E950B /* API */ = {
			isa = PBXGroup;
			children = (
				0508F52E237BC703004E950B /* VKApi.swift */,
				05328DA223817F5B00E3512B /* Database.swift */,
			);
			path = API;
			sourceTree = "<group>";
		};
		050BF004232D577E00DE18D8 /* Resource */ = {
			isa = PBXGroup;
			children = (
				0587190923328F62006F00D5 /* Storyboard */,
				056ABC5F232832CC00077607 /* Assets.xcassets */,
			);
			path = Resource;
			sourceTree = "<group>";
		};
		050BF005232D57A300DE18D8 /* Source */ = {
			isa = PBXGroup;
			children = (
				0508F52D237BC6E3004E950B /* API */,
				05A11C4C234E4227009615B4 /* Animation */,
				056ABC58232832CA00077607 /* AppDelegate.swift */,
				050BF006232D584500DE18D8 /* Controllers */,
				050BF007232D585100DE18D8 /* Views */,
				0587190A23328FAC006F00D5 /* Cells */,
			);
			path = Source;
			sourceTree = "<group>";
		};
		050BF006232D584500DE18D8 /* Controllers */ = {
			isa = PBXGroup;
			children = (
				05D0757523647A0B0070380C /* WebLoginViewController.swift */,
				056ABC5A232832CA00077607 /* LoginViewController.swift */,
				05694F0C232F5AFB00F28C85 /* FriendsController.swift */,
				05694F10232F5D5300F28C85 /* PhotosController.swift */,
				05694F0E232F5C7100F28C85 /* GroupsController.swift */,
				05694F12232F5DE000F28C85 /* AllGroupsController.swift */,
				052ED72623413B0D00623AD1 /* NewsController.swift */,
				05A11C4F234E6399009615B4 /* CustomNavigationController.swift */,
			);
			path = Controllers;
			sourceTree = "<group>";
		};
		050BF007232D585100DE18D8 /* Views */ = {
			isa = PBXGroup;
			children = (
				053536D52339CDCD00F6C7C4 /* GradientView.swift */,
			);
			path = Views;
			sourceTree = "<group>";
		};
		056ABC4C232832CA00077607 = {
			isa = PBXGroup;
			children = (
				056ABC57232832CA00077607 /* VKClient */,
				056ABC56232832CA00077607 /* Products */,
				34EF7971D04096BB53625AF5 /* Pods */,
				E8F9C6718412285CF42CDEB6 /* Frameworks */,
			);
			sourceTree = "<group>";
		};
		056ABC56232832CA00077607 /* Products */ = {
			isa = PBXGroup;
			children = (
				056ABC55232832CA00077607 /* VKClient.app */,
			);
			name = Products;
			sourceTree = "<group>";
		};
		056ABC57232832CA00077607 /* VKClient */ = {
			isa = PBXGroup;
			children = (
				058719112332BCE9006F00D5 /* Model */,
				050BF004232D577E00DE18D8 /* Resource */,
				050BF005232D57A300DE18D8 /* Source */,
				059C459B238A877100B87ECB /* GoogleService-Info.plist */,
				056ABC64232832CC00077607 /* Info.plist */,
			);
			path = VKClient;
			sourceTree = "<group>";
		};
		0587190923328F62006F00D5 /* Storyboard */ = {
			isa = PBXGroup;
			children = (
				056ABC5C232832CA00077607 /* Main.storyboard */,
				052ED7222341364200623AD1 /* NewsCell.xib */,
				056ABC61232832CC00077607 /* LaunchScreen.storyboard */,
			);
			path = Storyboard;
			sourceTree = "<group>";
		};
		0587190A23328FAC006F00D5 /* Cells */ = {
			isa = PBXGroup;
			children = (
				0587190D23329A92006F00D5 /* GroupCell.swift */,
				058719162332C6D2006F00D5 /* FriendCell.swift */,
				0587190F2332B6E3006F00D5 /* PhotoCell.swift */,
				052ED72423413A2500623AD1 /* NewsCell.swift */,
			);
			path = Cells;
			sourceTree = "<group>";
		};
		058719112332BCE9006F00D5 /* Model */ = {
			isa = PBXGroup;
			children = (
				058719122332BD18006F00D5 /* User.swift */,
				058719142332BD28006F00D5 /* Group.swift */,
				05484E4F236A962B00968A1B /* Photo.swift */,
				052ED72823413D8D00623AD1 /* News.swift */,
				05FF08EA235F8574009EA7B8 /* Session.swift */,
				0508F52B237B0C4A004E950B /* UserSettings.swift */,
			);
			path = Model;
			sourceTree = "<group>";
		};
		05A11C4C234E4227009615B4 /* Animation */ = {
			isa = PBXGroup;
			children = (
				05A11C4A234E40F1009615B4 /* CustomSegue.swift */,
				05A11C4D234E5040009615B4 /* PushTransitionAnimator.swift */,
				05A11C51234E66D4009615B4 /* PopTransitionAnimator.swift */,
			);
			path = Animation;
			sourceTree = "<group>";
		};
		34EF7971D04096BB53625AF5 /* Pods */ = {
			isa = PBXGroup;
			children = (
				DB4ADFC453518F86306121F5 /* Pods-VKClient.debug.xcconfig */,
				FFE0C532EC247D924A8910BD /* Pods-VKClient.release.xcconfig */,
			);
			path = Pods;
			sourceTree = "<group>";
		};
		E8F9C6718412285CF42CDEB6 /* Frameworks */ = {
			isa = PBXGroup;
			children = (
				05297BBD2364B92B00306039 /* WebKit.framework */,
				D41FAD3892B94E463C6F97A3 /* Pods_VKClient.framework */,
			);
			name = Frameworks;
			sourceTree = "<group>";
		};
/* End PBXGroup section */

/* Begin PBXNativeTarget section */
		056ABC54232832CA00077607 /* VKClient */ = {
			isa = PBXNativeTarget;
			buildConfigurationList = 056ABC67232832CC00077607 /* Build configuration list for PBXNativeTarget "VKClient" */;
			buildPhases = (
				3CC344FABA9056029ABB41E3 /* [CP] Check Pods Manifest.lock */,
				056ABC51232832CA00077607 /* Sources */,
				056ABC52232832CA00077607 /* Frameworks */,
				056ABC53232832CA00077607 /* Resources */,
				AD8FE7EA6D7F5FD9437D8DD7 /* [CP] Embed Pods Frameworks */,
			);
			buildRules = (
			);
			dependencies = (
			);
			name = VKClient;
			productName = VKClient;
			productReference = 056ABC55232832CA00077607 /* VKClient.app */;
			productType = "com.apple.product-type.application";
		};
/* End PBXNativeTarget section */

/* Begin PBXProject section */
		056ABC4D232832CA00077607 /* Project object */ = {
			isa = PBXProject;
			attributes = {
				LastSwiftUpdateCheck = 1010;
				LastUpgradeCheck = 1010;
				ORGANIZATIONNAME = "Кирилл Анисимов";
				TargetAttributes = {
					056ABC54232832CA00077607 = {
						CreatedOnToolsVersion = 10.1;
						LastSwiftMigration = 1030;
					};
				};
			};
			buildConfigurationList = 056ABC50232832CA00077607 /* Build configuration list for PBXProject "VKClient" */;
			compatibilityVersion = "Xcode 9.3";
			developmentRegion = en;
			hasScannedForEncodings = 0;
			knownRegions = (
				en,
				Base,
			);
			mainGroup = 056ABC4C232832CA00077607;
			productRefGroup = 056ABC56232832CA00077607 /* Products */;
			projectDirPath = "";
			projectRoot = "";
			targets = (
				056ABC54232832CA00077607 /* VKClient */,
			);
		};
/* End PBXProject section */

/* Begin PBXResourcesBuildPhase section */
		056ABC53232832CA00077607 /* Resources */ = {
			isa = PBXResourcesBuildPhase;
			buildActionMask = 2147483647;
			files = (
				056ABC63232832CC00077607 /* LaunchScreen.storyboard in Resources */,
				056ABC60232832CC00077607 /* Assets.xcassets in Resources */,
				059C459C238A877100B87ECB /* GoogleService-Info.plist in Resources */,
				052ED7232341364200623AD1 /* NewsCell.xib in Resources */,
				056ABC5E232832CA00077607 /* Main.storyboard in Resources */,
			);
			runOnlyForDeploymentPostprocessing = 0;
		};
/* End PBXResourcesBuildPhase section */

/* Begin PBXShellScriptBuildPhase section */
		3CC344FABA9056029ABB41E3 /* [CP] Check Pods Manifest.lock */ = {
			isa = PBXShellScriptBuildPhase;
			buildActionMask = 2147483647;
			files = (
			);
			inputFileListPaths = (
			);
			inputPaths = (
				"${PODS_PODFILE_DIR_PATH}/Podfile.lock",
				"${PODS_ROOT}/Manifest.lock",
			);
			name = "[CP] Check Pods Manifest.lock";
			outputFileListPaths = (
			);
			outputPaths = (
				"$(DERIVED_FILE_DIR)/Pods-VKClient-checkManifestLockResult.txt",
			);
			runOnlyForDeploymentPostprocessing = 0;
			shellPath = /bin/sh;
			shellScript = "diff \"${PODS_PODFILE_DIR_PATH}/Podfile.lock\" \"${PODS_ROOT}/Manifest.lock\" > /dev/null\nif [ $? != 0 ] ; then\n    # print error to STDERR\n    echo \"error: The sandbox is not in sync with the Podfile.lock. Run 'pod install' or update your CocoaPods installation.\" >&2\n    exit 1\nfi\n# This output is used by Xcode 'outputs' to avoid re-running this script phase.\necho \"SUCCESS\" > \"${SCRIPT_OUTPUT_FILE_0}\"\n";
			showEnvVarsInLog = 0;
		};
		AD8FE7EA6D7F5FD9437D8DD7 /* [CP] Embed Pods Frameworks */ = {
			isa = PBXShellScriptBuildPhase;
			buildActionMask = 2147483647;
			files = (
			);
			inputFileListPaths = (
				"${PODS_ROOT}/Target Support Files/Pods-VKClient/Pods-VKClient-frameworks-${CONFIGURATION}-input-files.xcfilelist",
			);
			name = "[CP] Embed Pods Frameworks";
			outputFileListPaths = (
				"${PODS_ROOT}/Target Support Files/Pods-VKClient/Pods-VKClient-frameworks-${CONFIGURATION}-output-files.xcfilelist",
			);
			runOnlyForDeploymentPostprocessing = 0;
			shellPath = /bin/sh;
			shellScript = "\"${PODS_ROOT}/Target Support Files/Pods-VKClient/Pods-VKClient-frameworks.sh\"\n";
			showEnvVarsInLog = 0;
		};
/* End PBXShellScriptBuildPhase section */

/* Begin PBXSourcesBuildPhase section */
		056ABC51232832CA00077607 /* Sources */ = {
			isa = PBXSourcesBuildPhase;
			buildActionMask = 2147483647;
			files = (
				05FF08EB235F8574009EA7B8 /* Session.swift in Sources */,
				05A11C4E234E5040009615B4 /* PushTransitionAnimator.swift in Sources */,
				05A11C4B234E40F1009615B4 /* CustomSegue.swift in Sources */,
				05328DA323817F5B00E3512B /* Database.swift in Sources */,
				05D0757623647A0B0070380C /* WebLoginViewController.swift in Sources */,
				058719172332C6D2006F00D5 /* FriendCell.swift in Sources */,
				0587190E23329A92006F00D5 /* GroupCell.swift in Sources */,
				053536D62339CDCD00F6C7C4 /* GradientView.swift in Sources */,
				052ED72923413D8D00623AD1 /* News.swift in Sources */,
				056ABC5B232832CA00077607 /* LoginViewController.swift in Sources */,
				0508F52F237BC703004E950B /* VKApi.swift in Sources */,
				05694F0F232F5C7100F28C85 /* GroupsController.swift in Sources */,
				058719152332BD28006F00D5 /* Group.swift in Sources */,
				056ABC59232832CA00077607 /* AppDelegate.swift in Sources */,
				058719102332B6E3006F00D5 /* PhotoCell.swift in Sources */,
				058719132332BD18006F00D5 /* User.swift in Sources */,
				05A11C52234E66D4009615B4 /* PopTransitionAnimator.swift in Sources */,
				0508F52C237B0C4A004E950B /* UserSettings.swift in Sources */,
				05A11C50234E6399009615B4 /* CustomNavigationController.swift in Sources */,
				05694F11232F5D5300F28C85 /* PhotosController.swift in Sources */,
				052ED72723413B0D00623AD1 /* NewsController.swift in Sources */,
				05484E50236A962B00968A1B /* Photo.swift in Sources */,
				05694F0D232F5AFB00F28C85 /* FriendsController.swift in Sources */,
				052ED72523413A2500623AD1 /* NewsCell.swift in Sources */,
				05694F13232F5DE000F28C85 /* AllGroupsController.swift in Sources */,
			);
			runOnlyForDeploymentPostprocessing = 0;
		};
/* End PBXSourcesBuildPhase section */

/* Begin PBXVariantGroup section */
		056ABC5C232832CA00077607 /* Main.storyboard */ = {
			isa = PBXVariantGroup;
			children = (
				056ABC5D232832CA00077607 /* Base */,
			);
			name = Main.storyboard;
			sourceTree = "<group>";
		};
		056ABC61232832CC00077607 /* LaunchScreen.storyboard */ = {
			isa = PBXVariantGroup;
			children = (
				056ABC62232832CC00077607 /* Base */,
			);
			name = LaunchScreen.storyboard;
			sourceTree = "<group>";
		};
/* End PBXVariantGroup section */

/* Begin XCBuildConfiguration section */
		056ABC65232832CC00077607 /* Debug */ = {
			isa = XCBuildConfiguration;
			buildSettings = {
				ALWAYS_SEARCH_USER_PATHS = NO;
				CLANG_ANALYZER_NONNULL = YES;
				CLANG_ANALYZER_NUMBER_OBJECT_CONVERSION = YES_AGGRESSIVE;
				CLANG_CXX_LANGUAGE_STANDARD = "gnu++14";
				CLANG_CXX_LIBRARY = "libc++";
				CLANG_ENABLE_MODULES = YES;
				CLANG_ENABLE_OBJC_ARC = YES;
				CLANG_ENABLE_OBJC_WEAK = YES;
				CLANG_WARN_BLOCK_CAPTURE_AUTORELEASING = YES;
				CLANG_WARN_BOOL_CONVERSION = YES;
				CLANG_WARN_COMMA = YES;
				CLANG_WARN_CONSTANT_CONVERSION = YES;
				CLANG_WARN_DEPRECATED_OBJC_IMPLEMENTATIONS = YES;
				CLANG_WARN_DIRECT_OBJC_ISA_USAGE = YES_ERROR;
				CLANG_WARN_DOCUMENTATION_COMMENTS = YES;
				CLANG_WARN_EMPTY_BODY = YES;
				CLANG_WARN_ENUM_CONVERSION = YES;
				CLANG_WARN_INFINITE_RECURSION = YES;
				CLANG_WARN_INT_CONVERSION = YES;
				CLANG_WARN_NON_LITERAL_NULL_CONVERSION = YES;
				CLANG_WARN_OBJC_IMPLICIT_RETAIN_SELF = YES;
				CLANG_WARN_OBJC_LITERAL_CONVERSION = YES;
				CLANG_WARN_OBJC_ROOT_CLASS = YES_ERROR;
				CLANG_WARN_RANGE_LOOP_ANALYSIS = YES;
				CLANG_WARN_STRICT_PROTOTYPES = YES;
				CLANG_WARN_SUSPICIOUS_MOVE = YES;
				CLANG_WARN_UNGUARDED_AVAILABILITY = YES_AGGRESSIVE;
				CLANG_WARN_UNREACHABLE_CODE = YES;
				CLANG_WARN__DUPLICATE_METHOD_MATCH = YES;
				CODE_SIGN_IDENTITY = "iPhone Developer";
				COPY_PHASE_STRIP = NO;
				DEBUG_INFORMATION_FORMAT = dwarf;
				ENABLE_STRICT_OBJC_MSGSEND = YES;
				ENABLE_TESTABILITY = YES;
				GCC_C_LANGUAGE_STANDARD = gnu11;
				GCC_DYNAMIC_NO_PIC = NO;
				GCC_NO_COMMON_BLOCKS = YES;
				GCC_OPTIMIZATION_LEVEL = 0;
				GCC_PREPROCESSOR_DEFINITIONS = (
					"DEBUG=1",
					"$(inherited)",
				);
				GCC_WARN_64_TO_32_BIT_CONVERSION = YES;
				GCC_WARN_ABOUT_RETURN_TYPE = YES_ERROR;
				GCC_WARN_UNDECLARED_SELECTOR = YES;
				GCC_WARN_UNINITIALIZED_AUTOS = YES_AGGRESSIVE;
				GCC_WARN_UNUSED_FUNCTION = YES;
				GCC_WARN_UNUSED_VARIABLE = YES;
				IPHONEOS_DEPLOYMENT_TARGET = 12.1;
				MTL_ENABLE_DEBUG_INFO = INCLUDE_SOURCE;
				MTL_FAST_MATH = YES;
				ONLY_ACTIVE_ARCH = YES;
				SDKROOT = iphoneos;
				SWIFT_ACTIVE_COMPILATION_CONDITIONS = DEBUG;
				SWIFT_OPTIMIZATION_LEVEL = "-Onone";
			};
			name = Debug;
		};
		056ABC66232832CC00077607 /* Release */ = {
			isa = XCBuildConfiguration;
			buildSettings = {
				ALWAYS_SEARCH_USER_PATHS = NO;
				CLANG_ANALYZER_NONNULL = YES;
				CLANG_ANALYZER_NUMBER_OBJECT_CONVERSION = YES_AGGRESSIVE;
				CLANG_CXX_LANGUAGE_STANDARD = "gnu++14";
				CLANG_CXX_LIBRARY = "libc++";
				CLANG_ENABLE_MODULES = YES;
				CLANG_ENABLE_OBJC_ARC = YES;
				CLANG_ENABLE_OBJC_WEAK = YES;
				CLANG_WARN_BLOCK_CAPTURE_AUTORELEASING = YES;
				CLANG_WARN_BOOL_CONVERSION = YES;
				CLANG_WARN_COMMA = YES;
				CLANG_WARN_CONSTANT_CONVERSION = YES;
				CLANG_WARN_DEPRECATED_OBJC_IMPLEMENTATIONS = YES;
				CLANG_WARN_DIRECT_OBJC_ISA_USAGE = YES_ERROR;
				CLANG_WARN_DOCUMENTATION_COMMENTS = YES;
				CLANG_WARN_EMPTY_BODY = YES;
				CLANG_WARN_ENUM_CONVERSION = YES;
				CLANG_WARN_INFINITE_RECURSION = YES;
				CLANG_WARN_INT_CONVERSION = YES;
				CLANG_WARN_NON_LITERAL_NULL_CONVERSION = YES;
				CLANG_WARN_OBJC_IMPLICIT_RETAIN_SELF = YES;
				CLANG_WARN_OBJC_LITERAL_CONVERSION = YES;
				CLANG_WARN_OBJC_ROOT_CLASS = YES_ERROR;
				CLANG_WARN_RANGE_LOOP_ANALYSIS = YES;
				CLANG_WARN_STRICT_PROTOTYPES = YES;
				CLANG_WARN_SUSPICIOUS_MOVE = YES;
				CLANG_WARN_UNGUARDED_AVAILABILITY = YES_AGGRESSIVE;
				CLANG_WARN_UNREACHABLE_CODE = YES;
				CLANG_WARN__DUPLICATE_METHOD_MATCH = YES;
				CODE_SIGN_IDENTITY = "iPhone Developer";
				COPY_PHASE_STRIP = NO;
				DEBUG_INFORMATION_FORMAT = "dwarf-with-dsym";
				ENABLE_NS_ASSERTIONS = NO;
				ENABLE_STRICT_OBJC_MSGSEND = YES;
				GCC_C_LANGUAGE_STANDARD = gnu11;
				GCC_NO_COMMON_BLOCKS = YES;
				GCC_WARN_64_TO_32_BIT_CONVERSION = YES;
				GCC_WARN_ABOUT_RETURN_TYPE = YES_ERROR;
				GCC_WARN_UNDECLARED_SELECTOR = YES;
				GCC_WARN_UNINITIALIZED_AUTOS = YES_AGGRESSIVE;
				GCC_WARN_UNUSED_FUNCTION = YES;
				GCC_WARN_UNUSED_VARIABLE = YES;
				IPHONEOS_DEPLOYMENT_TARGET = 12.1;
				MTL_ENABLE_DEBUG_INFO = NO;
				MTL_FAST_MATH = YES;
				SDKROOT = iphoneos;
				SWIFT_COMPILATION_MODE = wholemodule;
				SWIFT_OPTIMIZATION_LEVEL = "-O";
				VALIDATE_PRODUCT = YES;
			};
			name = Release;
		};
		056ABC68232832CC00077607 /* Debug */ = {
			isa = XCBuildConfiguration;
			baseConfigurationReference = DB4ADFC453518F86306121F5 /* Pods-VKClient.debug.xcconfig */;
			buildSettings = {
				ASSETCATALOG_COMPILER_APPICON_NAME = AppIcon;
				CODE_SIGN_STYLE = Automatic;
				DEVELOPMENT_TEAM = 2Q8CDQHFHQ;
				INFOPLIST_FILE = VKClient/Info.plist;
				LD_RUNPATH_SEARCH_PATHS = (
					"$(inherited)",
					"@executable_path/Frameworks",
				);
				PRODUCT_BUNDLE_IDENTIFIER = "com.k-anisimov.VKClient";
				PRODUCT_NAME = "$(TARGET_NAME)";
				SWIFT_VERSION = 5.0;
				TARGETED_DEVICE_FAMILY = "1,2";
			};
			name = Debug;
		};
		056ABC69232832CC00077607 /* Release */ = {
			isa = XCBuildConfiguration;
			baseConfigurationReference = FFE0C532EC247D924A8910BD /* Pods-VKClient.release.xcconfig */;
			buildSettings = {
				ASSETCATALOG_COMPILER_APPICON_NAME = AppIcon;
				CODE_SIGN_STYLE = Automatic;
				DEVELOPMENT_TEAM = 2Q8CDQHFHQ;
				INFOPLIST_FILE = VKClient/Info.plist;
				LD_RUNPATH_SEARCH_PATHS = (
					"$(inherited)",
					"@executable_path/Frameworks",
				);
				PRODUCT_BUNDLE_IDENTIFIER = "com.k-anisimov.VKClient";
				PRODUCT_NAME = "$(TARGET_NAME)";
				SWIFT_VERSION = 5.0;
				TARGETED_DEVICE_FAMILY = "1,2";
			};
			name = Release;
		};
/* End XCBuildConfiguration section */

/* Begin XCConfigurationList section */
		056ABC50232832CA00077607 /* Build configuration list for PBXProject "VKClient" */ = {
			isa = XCConfigurationList;
			buildConfigurations = (
				056ABC65232832CC00077607 /* Debug */,
				056ABC66232832CC00077607 /* Release */,
			);
			defaultConfigurationIsVisible = 0;
			defaultConfigurationName = Release;
		};
		056ABC67232832CC00077607 /* Build configuration list for PBXNativeTarget "VKClient" */ = {
			isa = XCConfigurationList;
			buildConfigurations = (
				056ABC68232832CC00077607 /* Debug */,
				056ABC69232832CC00077607 /* Release */,
			);
			defaultConfigurationIsVisible = 0;
			defaultConfigurationName = Release;
		};
/* End XCConfigurationList section */
	};
	rootObject = 056ABC4D232832CA00077607 /* Project object */;
}
